
Microsoft Visual Studio Solution File, Format Version 12.00
# Visual Studio Express 2013 for Windows Desktop
VisualStudioVersion = 12.0.31101.0
MinimumVisualStudioVersion = 10.0.40219.1
Project("{FAE04EC0-301F-11D3-BF4B-00C04F79EFBC}") = "exercicio_9", "exercicio_9\exercicio_9.csproj", "{A28F5DD2-EBE9-4EC8-93CB-C69FA1C3075C}"
EndProject
Global
	GlobalSection(SolutionConfigurationPlatforms) = preSolution
		Debug|Any CPU = Debug|Any CPU
		Release|Any CPU = Release|Any CPU
	EndGlobalSection
	GlobalSection(ProjectConfigurationPlatforms) = postSolution
		{A28F5DD2-EBE9-4EC8-93CB-C69FA1C3075C}.Debug|Any CPU.ActiveCfg = Debug|Any CPU
		{A28F5DD2-EBE9-4EC8-93CB-C69FA1C3075C}.Debug|Any CPU.Build.0 = Debug|Any CPU
		{A28F5DD2-EBE9-4EC8-93CB-C69FA1C3075C}.Release|Any CPU.ActiveCfg = Release|Any CPU
		{A28F5DD2-EBE9-4EC8-93CB-C69FA1C3075C}.Release|Any CPU.Build.0 = Release|Any CPU
	EndGlobalSection
	GlobalSection(SolutionProperties) = preSolution
		HideSolutionNode = FALSE
	EndGlobalSection
EndGlobal
